
Microsoft Visual Studio Solution File, Format Version 12.00
# Visual Studio 15
VisualStudioVersion = 15.0.26124.0
MinimumVisualStudioVersion = 15.0.26124.0
Project("{FAE04EC0-301F-11D3-BF4B-00C04F79EFBC}") = "Grains.Interfaces", "Grains.Interfaces\Grains.Interfaces.csproj", "{EF87A29A-CAC3-428C-B01F-539F24FDCA59}"
EndProject
Project("{FAE04EC0-301F-11D3-BF4B-00C04F79EFBC}") = "Grains", "Grains\Grains.csproj", "{51B1B617-719D-4D75-9A52-93A23C65E565}"
EndProject
Project("{FAE04EC0-301F-11D3-BF4B-00C04F79EFBC}") = "Silo", "Silo\Silo.csproj", "{AA134DB5-CE9C-421A-95ED-59BCCCBD7AE5}"
EndProject
Project("{FAE04EC0-301F-11D3-BF4B-00C04F79EFBC}") = "Client", "Client\Client.csproj", "{96443D7D-A68C-4DF1-A62B-2B14355E77C4}"
EndProject
Project("{FAE04EC0-301F-11D3-BF4B-00C04F79EFBC}") = "Tests", "Tests\Tests.csproj", "{12D53D1B-9A66-4361-BBE3-DFAE018FA0AD}"
EndProject
Global
	GlobalSection(SolutionConfigurationPlatforms) = preSolution
		Debug|Any CPU = Debug|Any CPU
		Debug|x64 = Debug|x64
		Debug|x86 = Debug|x86
		Release|Any CPU = Release|Any CPU
		Release|x64 = Release|x64
		Release|x86 = Release|x86
	EndGlobalSection
	GlobalSection(SolutionProperties) = preSolution
		HideSolutionNode = FALSE
	EndGlobalSection
	GlobalSection(ProjectConfigurationPlatforms) = postSolution
		{96443D7D-A68C-4DF1-A62B-2B14355E77C4}.Debug|Any CPU.ActiveCfg = Debug|Any CPU
		{96443D7D-A68C-4DF1-A62B-2B14355E77C4}.Debug|Any CPU.Build.0 = Debug|Any CPU
		{96443D7D-A68C-4DF1-A62B-2B14355E77C4}.Debug|x64.ActiveCfg = Debug|Any CPU
		{96443D7D-A68C-4DF1-A62B-2B14355E77C4}.Debug|x64.Build.0 = Debug|Any CPU
		{96443D7D-A68C-4DF1-A62B-2B14355E77C4}.Debug|x86.ActiveCfg = Debug|Any CPU
		{96443D7D-A68C-4DF1-A62B-2B14355E77C4}.Debug|x86.Build.0 = Debug|Any CPU
		{96443D7D-A68C-4DF1-A62B-2B14355E77C4}.Release|Any CPU.ActiveCfg = Release|Any CPU
		{96443D7D-A68C-4DF1-A62B-2B14355E77C4}.Release|Any CPU.Build.0 = Release|Any CPU
		{96443D7D-A68C-4DF1-A62B-2B14355E77C4}.Release|x64.ActiveCfg = Release|Any CPU
		{96443D7D-A68C-4DF1-A62B-2B14355E77C4}.Release|x64.Build.0 = Release|Any CPU
		{96443D7D-A68C-4DF1-A62B-2B14355E77C4}.Release|x86.ActiveCfg = Release|Any CPU
		{96443D7D-A68C-4DF1-A62B-2B14355E77C4}.Release|x86.Build.0 = Release|Any CPU
		{EF87A29A-CAC3-428C-B01F-539F24FDCA59}.Debug|Any CPU.ActiveCfg = Debug|Any CPU
		{EF87A29A-CAC3-428C-B01F-539F24FDCA59}.Debug|Any CPU.Build.0 = Debug|Any CPU
		{EF87A29A-CAC3-428C-B01F-539F24FDCA59}.Debug|x64.ActiveCfg = Debug|Any CPU
		{EF87A29A-CAC3-428C-B01F-539F24FDCA59}.Debug|x64.Build.0 = Debug|Any CPU
		{EF87A29A-CAC3-428C-B01F-539F24FDCA59}.Debug|x86.ActiveCfg = Debug|Any CPU
		{EF87A29A-CAC3-428C-B01F-539F24FDCA59}.Debug|x86.Build.0 = Debug|Any CPU
		{EF87A29A-CAC3-428C-B01F-539F24FDCA59}.Release|Any CPU.ActiveCfg = Release|Any CPU
		{EF87A29A-CAC3-428C-B01F-539F24FDCA59}.Release|Any CPU.Build.0 = Release|Any CPU
		{EF87A29A-CAC3-428C-B01F-539F24FDCA59}.Release|x64.ActiveCfg = Release|Any CPU
		{EF87A29A-CAC3-428C-B01F-539F24FDCA59}.Release|x64.Build.0 = Release|Any CPU
		{EF87A29A-CAC3-428C-B01F-539F24FDCA59}.Release|x86.ActiveCfg = Release|Any CPU
		{EF87A29A-CAC3-428C-B01F-539F24FDCA59}.Release|x86.Build.0 = Release|Any CPU
		{51B1B617-719D-4D75-9A52-93A23C65E565}.Debug|Any CPU.ActiveCfg = Debug|Any CPU
		{51B1B617-719D-4D75-9A52-93A23C65E565}.Debug|Any CPU.Build.0 = Debug|Any CPU
		{51B1B617-719D-4D75-9A52-93A23C65E565}.Debug|x64.ActiveCfg = Debug|Any CPU
		{51B1B617-719D-4D75-9A52-93A23C65E565}.Debug|x64.Build.0 = Debug|Any CPU
		{51B1B617-719D-4D75-9A52-93A23C65E565}.Debug|x86.ActiveCfg = Debug|Any CPU
		{51B1B617-719D-4D75-9A52-93A23C65E565}.Debug|x86.Build.0 = Debug|Any CPU
		{51B1B617-719D-4D75-9A52-93A23C65E565}.Release|Any CPU.ActiveCfg = Release|Any CPU
		{51B1B617-719D-4D75-9A52-93A23C65E565}.Release|Any CPU.Build.0 = Release|Any CPU
		{51B1B617-719D-4D75-9A52-93A23C65E565}.Release|x64.ActiveCfg = Release|Any CPU
		{51B1B617-719D-4D75-9A52-93A23C65E565}.Release|x64.Build.0 = Release|Any CPU
		{51B1B617-719D-4D75-9A52-93A23C65E565}.Release|x86.ActiveCfg = Release|Any CPU
		{51B1B617-719D-4D75-9A52-93A23C65E565}.Release|x86.Build.0 = Release|Any CPU
		{AA134DB5-CE9C-421A-95ED-59BCCCBD7AE5}.Debug|Any CPU.ActiveCfg = Debug|Any CPU
		{AA134DB5-CE9C-421A-95ED-59BCCCBD7AE5}.Debug|Any CPU.Build.0 = Debug|Any CPU
		{AA134DB5-CE9C-421A-95ED-59BCCCBD7AE5}.Debug|x64.ActiveCfg = Debug|Any CPU
		{AA134DB5-CE9C-421A-95ED-59BCCCBD7AE5}.Debug|x64.Build.0 = Debug|Any CPU
		{AA134DB5-CE9C-421A-95ED-59BCCCBD7AE5}.Debug|x86.ActiveCfg = Debug|Any CPU
		{AA134DB5-CE9C-421A-95ED-59BCCCBD7AE5}.Debug|x86.Build.0 = Debug|Any CPU
		{AA134DB5-CE9C-421A-95ED-59BCCCBD7AE5}.Release|Any CPU.ActiveCfg = Release|Any CPU
		{AA134DB5-CE9C-421A-95ED-59BCCCBD7AE5}.Release|Any CPU.Build.0 = Release|Any CPU
		{AA134DB5-CE9C-421A-95ED-59BCCCBD7AE5}.Release|x64.ActiveCfg = Release|Any CPU
		{AA134DB5-CE9C-421A-95ED-59BCCCBD7AE5}.Release|x64.Build.0 = Release|Any CPU
		{AA134DB5-CE9C-421A-95ED-59BCCCBD7AE5}.Release|x86.ActiveCfg = Release|Any CPU
		{AA134DB5-CE9C-421A-95ED-59BCCCBD7AE5}.Release|x86.Build.0 = Release|Any CPU
		{12D53D1B-9A66-4361-BBE3-DFAE018FA0AD}.Debug|Any CPU.ActiveCfg = Debug|Any CPU
		{12D53D1B-9A66-4361-BBE3-DFAE018FA0AD}.Debug|Any CPU.Build.0 = Debug|Any CPU
		{12D53D1B-9A66-4361-BBE3-DFAE018FA0AD}.Debug|x64.ActiveCfg = Debug|Any CPU
		{12D53D1B-9A66-4361-BBE3-DFAE018FA0AD}.Debug|x64.Build.0 = Debug|Any CPU
		{12D53D1B-9A66-4361-BBE3-DFAE018FA0AD}.Debug|x86.ActiveCfg = Debug|Any CPU
		{12D53D1B-9A66-4361-BBE3-DFAE018FA0AD}.Debug|x86.Build.0 = Debug|Any CPU
		{12D53D1B-9A66-4361-BBE3-DFAE018FA0AD}.Release|Any CPU.ActiveCfg = Release|Any CPU
		{12D53D1B-9A66-4361-BBE3-DFAE018FA0AD}.Release|Any CPU.Build.0 = Release|Any CPU
		{12D53D1B-9A66-4361-BBE3-DFAE018FA0AD}.Release|x64.ActiveCfg = Release|Any CPU
		{12D53D1B-9A66-4361-BBE3-DFAE018FA0AD}.Release|x64.Build.0 = Release|Any CPU
		{12D53D1B-9A66-4361-BBE3-DFAE018FA0AD}.Release|x86.ActiveCfg = Release|Any CPU
		{12D53D1B-9A66-4361-BBE3-DFAE018FA0AD}.Release|x86.Build.0 = Release|Any CPU
	EndGlobalSection
EndGlobal
